// !$*UTF8*$!
{
	archiveVersion = 1;
	classes = {
	};
	objectVersion = 54;
	objects = {

/* Begin PBXBuildFile section */
		BA795B5D268F4ABD0038E380 /* AppDelegate.swift in Sources */ = {isa = PBXBuildFile; fileRef = BA795B5C268F4ABD0038E380 /* AppDelegate.swift */; };
		BA795B5F268F4ABD0038E380 /* SceneDelegate.swift in Sources */ = {isa = PBXBuildFile; fileRef = BA795B5E268F4ABD0038E380 /* SceneDelegate.swift */; };
		BA795B61268F4ABD0038E380 /* ViewController.swift in Sources */ = {isa = PBXBuildFile; fileRef = BA795B60268F4ABD0038E380 /* ViewController.swift */; };
		BA795B64268F4ABD0038E380 /* Main.storyboard in Resources */ = {isa = PBXBuildFile; fileRef = BA795B62268F4ABD0038E380 /* Main.storyboard */; };
		BA795B66268F4ABE0038E380 /* Assets.xcassets in Resources */ = {isa = PBXBuildFile; fileRef = BA795B65268F4ABE0038E380 /* Assets.xcassets */; };
		BA795B69268F4ABE0038E380 /* LaunchScreen.storyboard in Resources */ = {isa = PBXBuildFile; fileRef = BA795B67268F4ABE0038E380 /* LaunchScreen.storyboard */; };
		BA795B752695E5940038E380 /* Task2ViewController.swift in Sources */ = {isa = PBXBuildFile; fileRef = BA795B742695E5940038E380 /* Task2ViewController.swift */; };
		BA795B7726985DB80038E380 /* T3ParentalViewController.swift in Sources */ = {isa = PBXBuildFile; fileRef = BA795B7626985DB80038E380 /* T3ParentalViewController.swift */; };
		BA795B7926985DDB0038E380 /* T3SubViewController.swift in Sources */ = {isa = PBXBuildFile; fileRef = BA795B7826985DDB0038E380 /* T3SubViewController.swift */; };
/* End PBXBuildFile section */

/* Begin PBXFileReference section */
		BA795B59268F4ABD0038E380 /* HW7.app */ = {isa = PBXFileReference; explicitFileType = wrapper.application; includeInIndex = 0; path = HW7.app; sourceTree = BUILT_PRODUCTS_DIR; };
		BA795B5C268F4ABD0038E380 /* AppDelegate.swift */ = {isa = PBXFileReference; lastKnownFileType = sourcecode.swift; path = AppDelegate.swift; sourceTree = "<group>"; };
		BA795B5E268F4ABD0038E380 /* SceneDelegate.swift */ = {isa = PBXFileReference; lastKnownFileType = sourcecode.swift; path = SceneDelegate.swift; sourceTree = "<group>"; };
		BA795B60268F4ABD0038E380 /* ViewController.swift */ = {isa = PBXFileReference; lastKnownFileType = sourcecode.swift; path = ViewController.swift; sourceTree = "<group>"; };
		BA795B63268F4ABD0038E380 /* Base */ = {isa = PBXFileReference; lastKnownFileType = file.storyboard; name = Base; path = Base.lproj/Main.storyboard; sourceTree = "<group>"; };
		BA795B65268F4ABE0038E380 /* Assets.xcassets */ = {isa = PBXFileReference; lastKnownFileType = folder.assetcatalog; path = Assets.xcassets; sourceTree = "<group>"; };
		BA795B68268F4ABE0038E380 /* Base */ = {isa = PBXFileReference; lastKnownFileType = file.storyboard; name = Base; path = Base.lproj/LaunchScreen.storyboard; sourceTree = "<group>"; };
		BA795B6A268F4ABE0038E380 /* Info.plist */ = {isa = PBXFileReference; lastKnownFileType = text.plist.xml; path = Info.plist; sourceTree = "<group>"; };
		BA795B742695E5940038E380 /* Task2ViewController.swift */ = {isa = PBXFileReference; lastKnownFileType = sourcecode.swift; path = Task2ViewController.swift; sourceTree = "<group>"; };
		BA795B7626985DB80038E380 /* T3ParentalViewController.swift */ = {isa = PBXFileReference; lastKnownFileType = sourcecode.swift; path = T3ParentalViewController.swift; sourceTree = "<group>"; };
		BA795B7826985DDB0038E380 /* T3SubViewController.swift */ = {isa = PBXFileReference; lastKnownFileType = sourcecode.swift; path = T3SubViewController.swift; sourceTree = "<group>"; };
/* End PBXFileReference section */

/* Begin PBXFrameworksBuildPhase section */
		BA795B56268F4ABD0038E380 /* Frameworks */ = {
			isa = PBXFrameworksBuildPhase;
			buildActionMask = 2147483647;
			files = (
			);
			runOnlyForDeploymentPostprocessing = 0;
		};
/* End PBXFrameworksBuildPhase section */

/* Begin PBXGroup section */
		BA795B50268F4ABD0038E380 = {
			isa = PBXGroup;
			children = (
				BA795B5B268F4ABD0038E380 /* HW7 */,
				BA795B5A268F4ABD0038E380 /* Products */,
			);
			sourceTree = "<group>";
		};
		BA795B5A268F4ABD0038E380 /* Products */ = {
			isa = PBXGroup;
			children = (
				BA795B59268F4ABD0038E380 /* HW7.app */,
			);
			name = Products;
			sourceTree = "<group>";
		};
		BA795B5B268F4ABD0038E380 /* HW7 */ = {
			isa = PBXGroup;
			children = (
				BA795B5C268F4ABD0038E380 /* AppDelegate.swift */,
				BA795B5E268F4ABD0038E380 /* SceneDelegate.swift */,
				BA795B60268F4ABD0038E380 /* ViewController.swift */,
				BA795B742695E5940038E380 /* Task2ViewController.swift */,
				BA795B62268F4ABD0038E380 /* Main.storyboard */,
				BA795B7626985DB80038E380 /* T3ParentalViewController.swift */,
				BA795B7826985DDB0038E380 /* T3SubViewController.swift */,
				BA795B65268F4ABE0038E380 /* Assets.xcassets */,
				BA795B67268F4ABE0038E380 /* LaunchScreen.storyboard */,
				BA795B6A268F4ABE0038E380 /* Info.plist */,
			);
			path = HW7;
			sourceTree = "<group>";
		};
/* End PBXGroup section */

/* Begin PBXNativeTarget section */
		BA795B58268F4ABD0038E380 /* HW7 */ = {
			isa = PBXNativeTarget;
			buildConfigurationList = BA795B6D268F4ABE0038E380 /* Build configuration list for PBXNativeTarget "HW7" */;
			buildPhases = (
				BA795B55268F4ABD0038E380 /* Sources */,
				BA795B56268F4ABD0038E380 /* Frameworks */,
				BA795B57268F4ABD0038E380 /* Resources */,
			);
			buildRules = (
			);
			dependencies = (
			);
			name = HW7;
			productName = HW7;
			productReference = BA795B59268F4ABD0038E380 /* HW7.app */;
			productType = "com.apple.product-type.application";
		};
/* End PBXNativeTarget section */

/* Begin PBXProject section */
		BA795B51268F4ABD0038E380 /* Project object */ = {
			isa = PBXProject;
			attributes = {
				LastSwiftUpdateCheck = 1250;
				LastUpgradeCheck = 1250;
				TargetAttributes = {
					BA795B58268F4ABD0038E380 = {
						CreatedOnToolsVersion = 12.5.1;
					};
				};
			};
			buildConfigurationList = BA795B54268F4ABD0038E380 /* Build configuration list for PBXProject "HW7" */;
			compatibilityVersion = "Xcode 12.0";
			developmentRegion = en;
			hasScannedForEncodings = 0;
			knownRegions = (
				en,
				Base,
			);
			mainGroup = BA795B50268F4ABD0038E380;
			productRefGroup = BA795B5A268F4ABD0038E380 /* Products */;
			projectDirPath = "";
			projectRoot = "";
			targets = (
				BA795B58268F4ABD0038E380 /* HW7 */,
			);
		};
/* End PBXProject section */

/* Begin PBXResourcesBuildPhase section */
		BA795B57268F4ABD0038E380 /* Resources */ = {
			isa = PBXResourcesBuildPhase;
			buildActionMask = 2147483647;
			files = (
				BA795B69268F4ABE0038E380 /* LaunchScreen.storyboard in Resources */,
				BA795B66268F4ABE0038E380 /* Assets.xcassets in Resources */,
				BA795B64268F4ABD0038E380 /* Main.storyboard in Resources */,
			);
			runOnlyForDeploymentPostprocessing = 0;
		};
/* End PBXResourcesBuildPhase section */

/* Begin PBXSourcesBuildPhase section */
		BA795B55268F4ABD0038E380 /* Sources */ = {
			isa = PBXSourcesBuildPhase;
			buildActionMask = 2147483647;
			files = (
				BA795B752695E5940038E380 /* Task2ViewController.swift in Sources */,
				BA795B61268F4ABD0038E380 /* ViewController.swift in Sources */,
				BA795B7726985DB80038E380 /* T3ParentalViewController.swift in Sources */,
				BA795B5D268F4ABD0038E380 /* AppDelegate.swift in Sources */,
				BA795B7926985DDB0038E380 /* T3SubViewController.swift in Sources */,
				BA795B5F268F4ABD0038E380 /* SceneDelegate.swift in Sources */,
			);
			runOnlyForDeploymentPostprocessing = 0;
		};
/* End PBXSourcesBuildPhase section */

/* Begin PBXVariantGroup section */
		BA795B62268F4ABD0038E380 /* Main.storyboard */ = {
			isa = PBXVariantGroup;
			children = (
				BA795B63268F4ABD0038E380 /* Base */,
			);
			name = Main.storyboard;
			sourceTree = "<group>";
		};
		BA795B67268F4ABE0038E380 /* LaunchScreen.storyboard */ = {
			isa = PBXVariantGroup;
			children = (
				BA795B68268F4ABE0038E380 /* Base */,
			);
			name = LaunchScreen.storyboard;
			sourceTree = "<group>";
		};
/* End PBXVariantGroup section */

/* Begin XCBuildConfiguration section */
		BA795B6B268F4ABE0038E380 /* Debug */ = {
			isa = XCBuildConfiguration;
			buildSettings = {
				ALWAYS_SEARCH_USER_PATHS = NO;
				CLANG_ANALYZER_NONNULL = YES;
				CLANG_ANALYZER_NUMBER_OBJECT_CONVERSION = YES_AGGRESSIVE;
				CLANG_CXX_LANGUAGE_STANDARD = "gnu++14";
				CLANG_CXX_LIBRARY = "libc++";
				CLANG_ENABLE_MODULES = YES;
				CLANG_ENABLE_OBJC_ARC = YES;
				CLANG_ENABLE_OBJC_WEAK = YES;
				CLANG_WARN_BLOCK_CAPTURE_AUTORELEASING = YES;
				CLANG_WARN_BOOL_CONVERSION = YES;
				CLANG_WARN_COMMA = YES;
				CLANG_WARN_CONSTANT_CONVERSION = YES;
				CLANG_WARN_DEPRECATED_OBJC_IMPLEMENTATIONS = YES;
				CLANG_WARN_DIRECT_OBJC_ISA_USAGE = YES_ERROR;
				CLANG_WARN_DOCUMENTATION_COMMENTS = YES;
				CLANG_WARN_EMPTY_BODY = YES;
				CLANG_WARN_ENUM_CONVERSION = YES;
				CLANG_WARN_INFINITE_RECURSION = YES;
				CLANG_WARN_INT_CONVERSION = YES;
				CLANG_WARN_NON_LITERAL_NULL_CONVERSION = YES;
				CLANG_WARN_OBJC_IMPLICIT_RETAIN_SELF = YES;
				CLANG_WARN_OBJC_LITERAL_CONVERSION = YES;
				CLANG_WARN_OBJC_ROOT_CLASS = YES_ERROR;
				CLANG_WARN_QUOTED_INCLUDE_IN_FRAMEWORK_HEADER = YES;
				CLANG_WARN_RANGE_LOOP_ANALYSIS = YES;
				CLANG_WARN_STRICT_PROTOTYPES = YES;
				CLANG_WARN_SUSPICIOUS_MOVE = YES;
				CLANG_WARN_UNGUARDED_AVAILABILITY = YES_AGGRESSIVE;
				CLANG_WARN_UNREACHABLE_CODE = YES;
				CLANG_WARN__DUPLICATE_METHOD_MATCH = YES;
				COPY_PHASE_STRIP = NO;
				DEBUG_INFORMATION_FORMAT = dwarf;
				ENABLE_STRICT_OBJC_MSGSEND = YES;
				ENABLE_TESTABILITY = YES;
				GCC_C_LANGUAGE_STANDARD = gnu11;
				GCC_DYNAMIC_NO_PIC = NO;
				GCC_NO_COMMON_BLOCKS = YES;
				GCC_OPTIMIZATION_LEVEL = 0;
				GCC_PREPROCESSOR_DEFINITIONS = (
					"DEBUG=1",
					"$(inherited)",
				);
				GCC_WARN_64_TO_32_BIT_CONVERSION = YES;
				GCC_WARN_ABOUT_RETURN_TYPE = YES_ERROR;
				GCC_WARN_UNDECLARED_SELECTOR = YES;
				GCC_WARN_UNINITIALIZED_AUTOS = YES_AGGRESSIVE;
				GCC_WARN_UNUSED_FUNCTION = YES;
				GCC_WARN_UNUSED_VARIABLE = YES;
				IPHONEOS_DEPLOYMENT_TARGET = 14.5;
				MTL_ENABLE_DEBUG_INFO = INCLUDE_SOURCE;
				MTL_FAST_MATH = YES;
				ONLY_ACTIVE_ARCH = YES;
				SDKROOT = iphoneos;
				SWIFT_ACTIVE_COMPILATION_CONDITIONS = DEBUG;
				SWIFT_OPTIMIZATION_LEVEL = "-Onone";
			};
			name = Debug;
		};
		BA795B6C268F4ABE0038E380 /* Release */ = {
			isa = XCBuildConfiguration;
			buildSettings = {
				ALWAYS_SEARCH_USER_PATHS = NO;
				CLANG_ANALYZER_NONNULL = YES;
				CLANG_ANALYZER_NUMBER_OBJECT_CONVERSION = YES_AGGRESSIVE;
				CLANG_CXX_LANGUAGE_STANDARD = "gnu++14";
				CLANG_CXX_LIBRARY = "libc++";
				CLANG_ENABLE_MODULES = YES;
				CLANG_ENABLE_OBJC_ARC = YES;
				CLANG_ENABLE_OBJC_WEAK = YES;
				CLANG_WARN_BLOCK_CAPTURE_AUTORELEASING = YES;
				CLANG_WARN_BOOL_CONVERSION = YES;
				CLANG_WARN_COMMA = YES;
				CLANG_WARN_CONSTANT_CONVERSION = YES;
				CLANG_WARN_DEPRECATED_OBJC_IMPLEMENTATIONS = YES;
				CLANG_WARN_DIRECT_OBJC_ISA_USAGE = YES_ERROR;
				CLANG_WARN_DOCUMENTATION_COMMENTS = YES;
				CLANG_WARN_EMPTY_BODY = YES;
				CLANG_WARN_ENUM_CONVERSION = YES;
				CLANG_WARN_INFINITE_RECURSION = YES;
				CLANG_WARN_INT_CONVERSION = YES;
				CLANG_WARN_NON_LITERAL_NULL_CONVERSION = YES;
				CLANG_WARN_OBJC_IMPLICIT_RETAIN_SELF = YES;
				CLANG_WARN_OBJC_LITERAL_CONVERSION = YES;
				CLANG_WARN_OBJC_ROOT_CLASS = YES_ERROR;
				CLANG_WARN_QUOTED_INCLUDE_IN_FRAMEWORK_HEADER = YES;
				CLANG_WARN_RANGE_LOOP_ANALYSIS = YES;
				CLANG_WARN_STRICT_PROTOTYPES = YES;
				CLANG_WARN_SUSPICIOUS_MOVE = YES;
				CLANG_WARN_UNGUARDED_AVAILABILITY = YES_AGGRESSIVE;
				CLANG_WARN_UNREACHABLE_CODE = YES;
				CLANG_WARN__DUPLICATE_METHOD_MATCH = YES;
				COPY_PHASE_STRIP = NO;
				DEBUG_INFORMATION_FORMAT = "dwarf-with-dsym";
				ENABLE_NS_ASSERTIONS = NO;
				ENABLE_STRICT_OBJC_MSGSEND = YES;
				GCC_C_LANGUAGE_STANDARD = gnu11;
				GCC_NO_COMMON_BLOCKS = YES;
				GCC_WARN_64_TO_32_BIT_CONVERSION = YES;
				GCC_WARN_ABOUT_RETURN_TYPE = YES_ERROR;
				GCC_WARN_UNDECLARED_SELECTOR = YES;
				GCC_WARN_UNINITIALIZED_AUTOS = YES_AGGRESSIVE;
				GCC_WARN_UNUSED_FUNCTION = YES;
				GCC_WARN_UNUSED_VARIABLE = YES;
				IPHONEOS_DEPLOYMENT_TARGET = 14.5;
				MTL_ENABLE_DEBUG_INFO = NO;
				MTL_FAST_MATH = YES;
				SDKROOT = iphoneos;
				SWIFT_COMPILATION_MODE = wholemodule;
				SWIFT_OPTIMIZATION_LEVEL = "-O";
				VALIDATE_PRODUCT = YES;
			};
			name = Release;
		};
		BA795B6E268F4ABE0038E380 /* Debug */ = {
			isa = XCBuildConfiguration;
			buildSettings = {
				ASSETCATALOG_COMPILER_APPICON_NAME = AppIcon;
				ASSETCATALOG_COMPILER_GLOBAL_ACCENT_COLOR_NAME = AccentColor;
				CODE_SIGN_STYLE = Automatic;
				INFOPLIST_FILE = HW7/Info.plist;
				LD_RUNPATH_SEARCH_PATHS = (
					"$(inherited)",
					"@executable_path/Frameworks",
				);
				PRODUCT_BUNDLE_IDENTIFIER = WiseHedgehog.HW7;
				PRODUCT_NAME = "$(TARGET_NAME)";
				SWIFT_VERSION = 5.0;
				TARGETED_DEVICE_FAMILY = 1;
			};
			name = Debug;
		};
		BA795B6F268F4ABE0038E380 /* Release */ = {
			isa = XCBuildConfiguration;
			buildSettings = {
				ASSETCATALOG_COMPILER_APPICON_NAME = AppIcon;
				ASSETCATALOG_COMPILER_GLOBAL_ACCENT_COLOR_NAME = AccentColor;
				CODE_SIGN_STYLE = Automatic;
				INFOPLIST_FILE = HW7/Info.plist;
				LD_RUNPATH_SEARCH_PATHS = (
					"$(inherited)",
					"@executable_path/Frameworks",
				);
				PRODUCT_BUNDLE_IDENTIFIER = WiseHedgehog.HW7;
				PRODUCT_NAME = "$(TARGET_NAME)";
				SWIFT_VERSION = 5.0;
				TARGETED_DEVICE_FAMILY = 1;
			};
			name = Release;
		};
/* End XCBuildConfiguration section */

/* Begin XCConfigurationList section */
		BA795B54268F4ABD0038E380 /* Build configuration list for PBXProject "HW7" */ = {
			isa = XCConfigurationList;
			buildConfigurations = (
				BA795B6B268F4ABE0038E380 /* Debug */,
				BA795B6C268F4ABE0038E380 /* Release */,
			);
			defaultConfigurationIsVisible = 0;
			defaultConfigurationName = Release;
		};
		BA795B6D268F4ABE0038E380 /* Build configuration list for PBXNativeTarget "HW7" */ = {
			isa = XCConfigurationList;
			buildConfigurations = (
				BA795B6E268F4ABE0038E380 /* Debug */,
				BA795B6F268F4ABE0038E380 /* Release */,
			);
			defaultConfigurationIsVisible = 0;
			defaultConfigurationName = Release;
		};
/* End XCConfigurationList section */
	};
	rootObject = BA795B51268F4ABD0038E380 /* Project object */;
}
